{
  "name": "project-gym",
  "version": "1.0.0",
  "lockfileVersion": 3,
  "requires": true,
  "packages": {
    "": {
      "name": "project-gym",
      "version": "1.0.0",
      "dependencies": {
        "vue": "^3.5.18"
      },
      "devDependencies": {
        "@vitejs/plugin-vue": "^6.0.1",
        "vite": "^7.1.2"
      }
    },
    "node_modules/@babel/helper-string-parser": {
      "version": "7.27.1",
      "resolved": "https://bsbteamsystem.sarah.br/tfs/DefaultCollection/_packaging/SarahPackages/npm/registry/@babel/helper-string-parser/-/helper-string-parser-7.27.1.tgz",
      "integrity": "sha1-VNp5YJerGc5n7Z+ItHuy7Ek2doc=",
      "license": "MIT",
      "engines": {
        "node": ">=6.9.0"
      }
    },
    "node_modules/@babel/helper-validator-identifier": {
      "version": "7.27.1",
      "resolved": "https://bsbteamsystem.sarah.br/tfs/DefaultCollection/_packaging/SarahPackages/npm/registry/@babel/helper-validator-identifier/-/helper-validator-identifier-7.27.1.tgz",
      "integrity": "sha1-pwVNzBRaln3U3I/uhFpXwTFsnfg=",
      "license": "MIT",
      "engines": {
        "node": ">=6.9.0"
      }
    },
    "node_modules/@babel/parser": {
      "version": "7.28.4",
      "resolved": "https://bsbteamsystem.sarah.br/tfs/DefaultCollection/_packaging/SarahPackages/npm/registry/@babel/parser/-/parser-7.28.4.tgz",
      "integrity": "sha1-2iXUZDUyiQkyzAP3cF/hljfgP6g=",
      "license": "MIT",
      "dependencies": {
        "@babel/types": "^7.28.4"
      },
      "bin": {
        "parser": "bin/babel-parser.js"
      },
      "engines": {
        "node": ">=6.0.0"
      }
    },
    "node_modules/@babel/types": {
      "version": "7.28.4",
      "resolved": "https://bsbteamsystem.sarah.br/tfs/DefaultCollection/_packaging/SarahPackages/npm/registry/@babel/types/-/types-7.28.4.tgz",
      "integrity": "sha1-Ck5hj0xgp81sEcstSAYOTb44rDo=",
      "license": "MIT",
      "dependencies": {
        "@babel/helper-string-parser": "^7.27.1",
        "@babel/helper-validator-identifier": "^7.27.1"
      },
      "engines": {
        "node": ">=6.9.0"
      }
    },
    "node_modules/@esbuild/aix-ppc64": {
      "version": "0.25.9",
      "resolved": "https://bsbteamsystem.sarah.br/tfs/DefaultCollection/_packaging/SarahPackages/npm/registry/@esbuild/aix-ppc64/-/aix-ppc64-0.25.9.tgz",
      "integrity": "sha1-vvljUfFlIAVclHq6KIAu7ePJ6ak=",
      "cpu": [
        "ppc64"
      ],
      "dev": true,
      "license": "MIT",
      "optional": true,
      "os": [
        "aix"
      ],
      "engines": {
        "node": ">=18"
      }
    },
    "node_modules/@esbuild/android-arm": {
      "version": "0.25.9",
      "resolved": "https://bsbteamsystem.sarah.br/tfs/DefaultCollection/_packaging/SarahPackages/npm/registry/@esbuild/android-arm/-/android-arm-0.25.9.tgz",
      "integrity": "sha1-0qdT/ipMc7eUN9C6FIDi12AJdBk=",
      "cpu": [
        "arm"
      ],
      "dev": true,
      "license": "MIT",
      "optional": true,
      "os": [
        "android"
      ],
      "engines": {
        "node": ">=18"
      }
    },
    "node_modules/@esbuild/android-arm64": {
      "version": "0.25.9",
      "resolved": "https://bsbteamsystem.sarah.br/tfs/DefaultCollection/_packaging/SarahPackages/npm/registry/@esbuild/android-arm64/-/android-arm64-0.25.9.tgz",
      "integrity": "sha1-0ucL59UaUpQlQiCR4Ny5A3TBVGw=",
      "cpu": [
        "arm64"
      ],
      "dev": true,
      "license": "MIT",
      "optional": true,
      "os": [
        "android"
      ],
      "engines": {
        "node": ">=18"
      }
    },
    "node_modules/@esbuild/android-x64": {
      "version": "0.25.9",
      "resolved": "https://bsbteamsystem.sarah.br/tfs/DefaultCollection/_packaging/SarahPackages/npm/registry/@esbuild/android-x64/-/android-x64-0.25.9.tgz",
      "integrity": "sha1-UniDbjx651dhYmli+QKg1VNS5oM=",
      "cpu": [
        "x64"
      ],
      "dev": true,
      "license": "MIT",
      "optional": true,
      "os": [
        "android"
      ],
      "engines": {
        "node": ">=18"
      }
    },
    "node_modules/@esbuild/darwin-arm64": {
      "version": "0.25.9",
      "resolved": "https://bsbteamsystem.sarah.br/tfs/DefaultCollection/_packaging/SarahPackages/npm/registry/@esbuild/darwin-arm64/-/darwin-arm64-0.25.9.tgz",
      "integrity": "sha1-8VE+r57I+hXcr0w0Gw8AXT6LR64=",
      "cpu": [
        "arm64"
      ],
      "dev": true,
      "license": "MIT",
      "optional": true,
      "os": [
        "darwin"
      ],
      "engines": {
        "node": ">=18"
      }
    },
    "node_modules/@esbuild/darwin-x64": {
      "version": "0.25.9",
      "resolved": "https://bsbteamsystem.sarah.br/tfs/DefaultCollection/_packaging/SarahPackages/npm/registry/@esbuild/darwin-x64/-/darwin-x64-0.25.9.tgz",
      "integrity": "sha1-4n28O1B7OhzqO5KAoEuLa3Jfgr4=",
      "cpu": [
        "x64"
      ],
      "dev": true,
      "license": "MIT",
      "optional": true,
      "os": [
        "darwin"
      ],
      "engines": {
        "node": ">=18"
      }
    },
    "node_modules/@esbuild/freebsd-arm64": {
      "version": "0.25.9",
      "resolved": "https://bsbteamsystem.sarah.br/tfs/DefaultCollection/_packaging/SarahPackages/npm/registry/@esbuild/freebsd-arm64/-/freebsd-arm64-0.25.9.tgz",
      "integrity": "sha1-Nk4+W3of1F2SvgjGzF2JDKdZCMo=",
      "cpu": [
        "arm64"
      ],
      "dev": true,
      "license": "MIT",
      "optional": true,
      "os": [
        "freebsd"
      ],
      "engines": {
        "node": ">=18"
      }
    },
    "node_modules/@esbuild/freebsd-x64": {
      "version": "0.25.9",
      "resolved": "https://bsbteamsystem.sarah.br/tfs/DefaultCollection/_packaging/SarahPackages/npm/registry/@esbuild/freebsd-x64/-/freebsd-x64-0.25.9.tgz",
      "integrity": "sha1-fIabRfrrPfZo4ZrOBzNaBxHsVqs=",
      "cpu": [
        "x64"
      ],
      "dev": true,
      "license": "MIT",
      "optional": true,
      "os": [
        "freebsd"
      ],
      "engines": {
        "node": ">=18"
      }
    },
    "node_modules/@esbuild/linux-arm": {
      "version": "0.25.9",
      "resolved": "https://bsbteamsystem.sarah.br/tfs/DefaultCollection/_packaging/SarahPackages/npm/registry/@esbuild/linux-arm/-/linux-arm-0.25.9.tgz",
      "integrity": "sha1-bOS5yr8UgnQQFwHREridxnzFLzc=",
      "cpu": [
        "arm"
      ],
      "dev": true,
      "license": "MIT",
      "optional": true,
      "os": [
        "linux"
      ],
      "engines": {
        "node": ">=18"
      }
    },
    "node_modules/@esbuild/linux-arm64": {
      "version": "0.25.9",
      "resolved": "https://bsbteamsystem.sarah.br/tfs/DefaultCollection/_packaging/SarahPackages/npm/registry/@esbuild/linux-arm64/-/linux-arm64-0.25.9.tgz",
      "integrity": "sha1-SNQoYXWMlAthq+pDupopsYbWy4s=",
      "cpu": [
        "arm64"
      ],
      "dev": true,
      "license": "MIT",
      "optional": true,
      "os": [
        "linux"
      ],
      "engines": {
        "node": ">=18"
      }
    },
    "node_modules/@esbuild/linux-ia32": {
      "version": "0.25.9",
      "resolved": "https://bsbteamsystem.sarah.br/tfs/DefaultCollection/_packaging/SarahPackages/npm/registry/@esbuild/linux-ia32/-/linux-ia32-0.25.9.tgz",
      "integrity": "sha1-IH5UiZt5ysnCbDI/wcqjLjFD8cQ=",
      "cpu": [
        "ia32"
      ],
      "dev": true,
      "license": "MIT",
      "optional": true,
      "os": [
        "linux"
      ],
      "engines": {
        "node": ">=18"
      }
    },
    "node_modules/@esbuild/linux-loong64": {
      "version": "0.25.9",
      "resolved": "https://bsbteamsystem.sarah.br/tfs/DefaultCollection/_packaging/SarahPackages/npm/registry/@esbuild/linux-loong64/-/linux-loong64-0.25.9.tgz",
      "integrity": "sha1-C6SKEnFZqPartYJ/IRmLmZ/9H8A=",
      "cpu": [
        "loong64"
      ],
      "dev": true,
      "license": "MIT",
      "optional": true,
      "os": [
        "linux"
      ],
      "engines": {
        "node": ">=18"
      }
    },
    "node_modules/@esbuild/linux-mips64el": {
      "version": "0.25.9",
      "resolved": "https://bsbteamsystem.sarah.br/tfs/DefaultCollection/_packaging/SarahPackages/npm/registry/@esbuild/linux-mips64el/-/linux-mips64el-0.25.9.tgz",
      "integrity": "sha1-pNTMaT0YX2amr96U93KzjOXWTrU=",
      "cpu": [
        "mips64el"
      ],
      "dev": true,
      "license": "MIT",
      "optional": true,
      "os": [
        "linux"
      ],
      "engines": {
        "node": ">=18"
      }
    },
    "node_modules/@esbuild/linux-ppc64": {
      "version": "0.25.9",
      "resolved": "https://bsbteamsystem.sarah.br/tfs/DefaultCollection/_packaging/SarahPackages/npm/registry/@esbuild/linux-ppc64/-/linux-ppc64-0.25.9.tgz",
      "integrity": "sha1-D1gFwcbWQ1odr9wEPLB6GQUDV9s=",
      "cpu": [
        "ppc64"
      ],
      "dev": true,
      "license": "MIT",
      "optional": true,
      "os": [
        "linux"
      ],
      "engines": {
        "node": ">=18"
      }
    },
    "node_modules/@esbuild/linux-riscv64": {
      "version": "0.25.9",
      "resolved": "https://bsbteamsystem.sarah.br/tfs/DefaultCollection/_packaging/SarahPackages/npm/registry/@esbuild/linux-riscv64/-/linux-riscv64-0.25.9.tgz",
      "integrity": "sha1-Z3bt7OD4/KefM4Y5i1GD/yqCdUc=",
      "cpu": [
        "riscv64"
      ],
      "dev": true,
      "license": "MIT",
      "optional": true,
      "os": [
        "linux"
      ],
      "engines": {
        "node": ">=18"
      }
    },
    "node_modules/@esbuild/linux-s390x": {
      "version": "0.25.9",
      "resolved": "https://bsbteamsystem.sarah.br/tfs/DefaultCollection/_packaging/SarahPackages/npm/registry/@esbuild/linux-s390x/-/linux-s390x-0.25.9.tgz",
      "integrity": "sha1-P28p7wNpOER8IhjTCdyHUiWGGDA=",
      "cpu": [
        "s390x"
      ],
      "dev": true,
      "license": "MIT",
      "optional": true,
      "os": [
        "linux"
      ],
      "engines": {
        "node": ">=18"
      }
    },
    "node_modules/@esbuild/linux-x64": {
      "version": "0.25.9",
      "resolved": "https://bsbteamsystem.sarah.br/tfs/DefaultCollection/_packaging/SarahPackages/npm/registry/@esbuild/linux-x64/-/linux-x64-0.25.9.tgz",
      "integrity": "sha1-gx/gsOGoCouDkSJOojd9VSDhUn8=",
      "cpu": [
        "x64"
      ],
      "dev": true,
      "license": "MIT",
      "optional": true,
      "os": [
        "linux"
      ],
      "engines": {
        "node": ">=18"
      }
    },
    "node_modules/@esbuild/netbsd-arm64": {
      "version": "0.25.9",
      "resolved": "https://bsbteamsystem.sarah.br/tfs/DefaultCollection/_packaging/SarahPackages/npm/registry/@esbuild/netbsd-arm64/-/netbsd-arm64-0.25.9.tgz",
      "integrity": "sha1-BvmdfuvgNfu+Q94BydfpjSoKpUg=",
      "cpu": [
        "arm64"
      ],
      "dev": true,
      "license": "MIT",
      "optional": true,
      "os": [
        "netbsd"
      ],
      "engines": {
        "node": ">=18"
      }
    },
    "node_modules/@esbuild/netbsd-x64": {
      "version": "0.25.9",
      "resolved": "https://bsbteamsystem.sarah.br/tfs/DefaultCollection/_packaging/SarahPackages/npm/registry/@esbuild/netbsd-x64/-/netbsd-x64-0.25.9.tgz",
      "integrity": "sha1-25mFjmvtbnORH5Kojk7dOoxCmlI=",
      "cpu": [
        "x64"
      ],
      "dev": true,
      "license": "MIT",
      "optional": true,
      "os": [
        "netbsd"
      ],
      "engines": {
        "node": ">=18"
      }
    },
    "node_modules/@esbuild/openbsd-arm64": {
      "version": "0.25.9",
      "resolved": "https://bsbteamsystem.sarah.br/tfs/DefaultCollection/_packaging/SarahPackages/npm/registry/@esbuild/openbsd-arm64/-/openbsd-arm64-0.25.9.tgz",
      "integrity": "sha1-r7iGyGfjb52GuyHoeOEYX11aCTU=",
      "cpu": [
        "arm64"
      ],
      "dev": true,
      "license": "MIT",
      "optional": true,
      "os": [
        "openbsd"
      ],
      "engines": {
        "node": ">=18"
      }
    },
    "node_modules/@esbuild/openbsd-x64": {
      "version": "0.25.9",
      "resolved": "https://bsbteamsystem.sarah.br/tfs/DefaultCollection/_packaging/SarahPackages/npm/registry/@esbuild/openbsd-x64/-/openbsd-x64-0.25.9.tgz",
      "integrity": "sha1-MIVcn4OB+sag71tfMaxucQimbs8=",
      "cpu": [
        "x64"
      ],
      "dev": true,
      "license": "MIT",
      "optional": true,
      "os": [
        "openbsd"
      ],
      "engines": {
        "node": ">=18"
      }
    },
    "node_modules/@esbuild/openharmony-arm64": {
      "version": "0.25.9",
      "resolved": "https://bsbteamsystem.sarah.br/tfs/DefaultCollection/_packaging/SarahPackages/npm/registry/@esbuild/openharmony-arm64/-/openharmony-arm64-0.25.9.tgz",
      "integrity": "sha1-LyFErzHmetwqjjcFwgwr2XvYgxQ=",
      "cpu": [
        "arm64"
      ],
      "dev": true,
      "license": "MIT",
      "optional": true,
      "os": [
        "openharmony"
      ],
      "engines": {
        "node": ">=18"
      }
    },
    "node_modules/@esbuild/sunos-x64": {
      "version": "0.25.9",
      "resolved": "https://bsbteamsystem.sarah.br/tfs/DefaultCollection/_packaging/SarahPackages/npm/registry/@esbuild/sunos-x64/-/sunos-x64-0.25.9.tgz",
      "integrity": "sha1-abmam1vSJsnrnGpz+ZD93Ul9cy4=",
      "cpu": [
        "x64"
      ],
      "dev": true,
      "license": "MIT",
      "optional": true,
      "os": [
        "sunos"
      ],
      "engines": {
        "node": ">=18"
      }
    },
    "node_modules/@esbuild/win32-arm64": {
      "version": "0.25.9",
      "resolved": "https://bsbteamsystem.sarah.br/tfs/DefaultCollection/_packaging/SarahPackages/npm/registry/@esbuild/win32-arm64/-/win32-arm64-0.25.9.tgz",
      "integrity": "sha1-14kzCnEq+RbIgyX0/+Rl+IVxnGs=",
      "cpu": [
        "arm64"
      ],
      "dev": true,
      "license": "MIT",
      "optional": true,
      "os": [
        "win32"
      ],
      "engines": {
        "node": ">=18"
      }
    },
    "node_modules/@esbuild/win32-ia32": {
      "version": "0.25.9",
      "resolved": "https://bsbteamsystem.sarah.br/tfs/DefaultCollection/_packaging/SarahPackages/npm/registry/@esbuild/win32-ia32/-/win32-ia32-0.25.9.tgz",
      "integrity": "sha1-UvxzVAa9SWiCU+dOToN6wroHieM=",
      "cpu": [
        "ia32"
      ],
      "dev": true,
      "license": "MIT",
      "optional": true,
      "os": [
        "win32"
      ],
      "engines": {
        "node": ">=18"
      }
    },
    "node_modules/@esbuild/win32-x64": {
      "version": "0.25.9",
      "resolved": "https://bsbteamsystem.sarah.br/tfs/DefaultCollection/_packaging/SarahPackages/npm/registry/@esbuild/win32-x64/-/win32-x64-0.25.9.tgz",
      "integrity": "sha1-WFYk3IKc+258CqbDyn1+baqH408=",
      "cpu": [
        "x64"
      ],
      "dev": true,
      "license": "MIT",
      "optional": true,
      "os": [
        "win32"
      ],
      "engines": {
        "node": ">=18"
      }
    },
    "node_modules/@jridgewell/sourcemap-codec": {
      "version": "1.5.5",
      "resolved": "https://bsbteamsystem.sarah.br/tfs/DefaultCollection/_packaging/SarahPackages/npm/registry/@jridgewell/sourcemap-codec/-/sourcemap-codec-1.5.5.tgz",
      "integrity": "sha1-aRKwDSxjHA0Vzhp6tXzWV/Ko+Lo=",
      "license": "MIT"
    },
    "node_modules/@rolldown/pluginutils": {
      "version": "1.0.0-beta.29",
      "resolved": "https://bsbteamsystem.sarah.br/tfs/DefaultCollection/_packaging/SarahPackages/npm/registry/@rolldown/pluginutils/-/pluginutils-1.0.0-beta.29.tgz",
      "integrity": "sha1-+Pyah4h1fcy6DTt/7pMYNiF3PUw=",
      "dev": true,
      "license": "MIT"
    },
    "node_modules/@rollup/rollup-win32-x64-gnu": {
      "version": "4.52.4",
      "resolved": "https://bsbteamsystem.sarah.br/tfs/DefaultCollection/_packaging/SarahPackages/npm/registry/@rollup/rollup-win32-x64-gnu/-/rollup-win32-x64-gnu-4.52.4.tgz",
      "integrity": "sha1-cw4S8LYLI0p8AtXTF5yj7HlyAz0=",
      "cpu": [
        "x64"
      ],
      "dev": true,
      "license": "MIT",
      "optional": true,
      "os": [
        "win32"
      ]
    },
    "node_modules/@rollup/rollup-win32-x64-msvc": {
      "version": "4.52.4",
      "resolved": "https://bsbteamsystem.sarah.br/tfs/DefaultCollection/_packaging/SarahPackages/npm/registry/@rollup/rollup-win32-x64-msvc/-/rollup-win32-x64-msvc-4.52.4.tgz",
      "integrity": "sha1-Wy3WSKlguPoA128sxO6i8D2qgPQ=",
      "cpu": [
        "x64"
      ],
      "dev": true,
      "license": "MIT",
      "optional": true,
      "os": [
        "win32"
      ]
    },
    "node_modules/@types/estree": {
      "version": "1.0.8",
      "resolved": "https://bsbteamsystem.sarah.br/tfs/DefaultCollection/_packaging/SarahPackages/npm/registry/@types/estree/-/estree-1.0.8.tgz",
      "integrity": "sha1-lYuRyZGxhnztMYvt6g4hXuBQcm4=",
      "dev": true,
      "license": "MIT"
    },
    "node_modules/@vitejs/plugin-vue": {
      "version": "6.0.1",
      "resolved": "https://bsbteamsystem.sarah.br/tfs/DefaultCollection/_packaging/SarahPackages/npm/registry/@vitejs/plugin-vue/-/plugin-vue-6.0.1.tgz",
      "integrity": "sha1-TH9VliGvEEoiJVxqzlYm5tg0lok=",
      "dev": true,
      "license": "MIT",
      "dependencies": {
        "@rolldown/pluginutils": "1.0.0-beta.29"
      },
      "engines": {
        "node": "^20.19.0 || >=22.12.0"
      },
      "peerDependencies": {
        "vite": "^5.0.0 || ^6.0.0 || ^7.0.0",
        "vue": "^3.2.25"
      }
    },
    "node_modules/@vue/compiler-core": {
      "version": "3.5.22",
      "resolved": "https://bsbteamsystem.sarah.br/tfs/DefaultCollection/_packaging/SarahPackages/npm/registry/@vue/compiler-core/-/compiler-core-3.5.22.tgz",
      "integrity": "sha1-u4KUoN0x31QFY8xv+gRW8fdoe5c=",
      "license": "MIT",
      "dependencies": {
        "@babel/parser": "^7.28.4",
        "@vue/shared": "3.5.22",
        "entities": "^4.5.0",
        "estree-walker": "^2.0.2",
        "source-map-js": "^1.2.1"
      }
    },
    "node_modules/@vue/compiler-dom": {
      "version": "3.5.22",
      "resolved": "https://bsbteamsystem.sarah.br/tfs/DefaultCollection/_packaging/SarahPackages/npm/registry/@vue/compiler-dom/-/compiler-dom-3.5.22.tgz",
      "integrity": "sha1-bJwsmENSD209vGheXQ4eEqLATFY=",
      "license": "MIT",
      "dependencies": {
        "@vue/compiler-core": "3.5.22",
        "@vue/shared": "3.5.22"
      }
    },
    "node_modules/@vue/compiler-sfc": {
      "version": "3.5.22",
      "resolved": "https://bsbteamsystem.sarah.br/tfs/DefaultCollection/_packaging/SarahPackages/npm/registry/@vue/compiler-sfc/-/compiler-sfc-3.5.22.tgz",
      "integrity": "sha1-ZjqEg7HdqN6DtvoaqzilK/c92WU=",
      "license": "MIT",
      "dependencies": {
        "@babel/parser": "^7.28.4",
        "@vue/compiler-core": "3.5.22",
        "@vue/compiler-dom": "3.5.22",
        "@vue/compiler-ssr": "3.5.22",
        "@vue/shared": "3.5.22",
        "estree-walker": "^2.0.2",
        "magic-string": "^0.30.19",
        "postcss": "^8.5.6",
        "source-map-js": "^1.2.1"
      }
    },
    "node_modules/@vue/compiler-ssr": {
      "version": "3.5.22",
      "resolved": "https://bsbteamsystem.sarah.br/tfs/DefaultCollection/_packaging/SarahPackages/npm/registry/@vue/compiler-ssr/-/compiler-ssr-3.5.22.tgz",
      "integrity": "sha1-oO8W42RzGyXnmhNHBWkGavEBMg8=",
      "license": "MIT",
      "dependencies": {
        "@vue/compiler-dom": "3.5.22",
        "@vue/shared": "3.5.22"
      }
    },
    "node_modules/@vue/reactivity": {
      "version": "3.5.22",
      "resolved": "https://bsbteamsystem.sarah.br/tfs/DefaultCollection/_packaging/SarahPackages/npm/registry/@vue/reactivity/-/reactivity-3.5.22.tgz",
      "integrity": "sha1-myb4VXyW30bJqFmRSiIp88pbj08=",
      "license": "MIT",
      "dependencies": {
        "@vue/shared": "3.5.22"
      }
    },
    "node_modules/@vue/runtime-core": {
      "version": "3.5.22",
      "resolved": "https://bsbteamsystem.sarah.br/tfs/DefaultCollection/_packaging/SarahPackages/npm/registry/@vue/runtime-core/-/runtime-core-3.5.22.tgz",
      "integrity": "sha1-4ATB419CNVWg5MEGRu8+nTgGQ9E=",
      "license": "MIT",
      "dependencies": {
        "@vue/reactivity": "3.5.22",
        "@vue/shared": "3.5.22"
      }
    },
    "node_modules/@vue/runtime-dom": {
      "version": "3.5.22",
      "resolved": "https://bsbteamsystem.sarah.br/tfs/DefaultCollection/_packaging/SarahPackages/npm/registry/@vue/runtime-dom/-/runtime-dom-3.5.22.tgz",
      "integrity": "sha1-ASds6ny5rCuaugRq37WQO0lOLn4=",
      "license": "MIT",
      "dependencies": {
        "@vue/reactivity": "3.5.22",
        "@vue/runtime-core": "3.5.22",
        "@vue/shared": "3.5.22",
        "csstype": "^3.1.3"
      }
    },
    "node_modules/@vue/server-renderer": {
      "version": "3.5.22",
      "resolved": "https://bsbteamsystem.sarah.br/tfs/DefaultCollection/_packaging/SarahPackages/npm/registry/@vue/server-renderer/-/server-renderer-3.5.22.tgz",
      "integrity": "sha1-0TTjQJCUBEvQZtmANxRndFd1YVc=",
      "license": "MIT",
      "dependencies": {
        "@vue/compiler-ssr": "3.5.22",
        "@vue/shared": "3.5.22"
      },
      "peerDependencies": {
        "vue": "3.5.22"
      }
    },
    "node_modules/@vue/shared": {
      "version": "3.5.22",
      "resolved": "https://bsbteamsystem.sarah.br/tfs/DefaultCollection/_packaging/SarahPackages/npm/registry/@vue/shared/-/shared-3.5.22.tgz",
      "integrity": "sha1-nVahZEo77LivHjRlWSiw4ojYJ/g=",
      "license": "MIT"
    },
    "node_modules/csstype": {
      "version": "3.1.3",
      "resolved": "https://bsbteamsystem.sarah.br/tfs/DefaultCollection/_packaging/SarahPackages/npm/registry/csstype/-/csstype-3.1.3.tgz",
      "integrity": "sha1-2A/ylNEU+w5qxQD7+FtgE31+/4E=",
      "license": "MIT"
    },
    "node_modules/entities": {
      "version": "4.5.0",
      "resolved": "https://bsbteamsystem.sarah.br/tfs/DefaultCollection/_packaging/SarahPackages/npm/registry/entities/-/entities-4.5.0.tgz",
      "integrity": "sha1-XSaOpecRPsdMTQM7eepaNaSI+0g=",
      "license": "BSD-2-Clause",
      "engines": {
        "node": ">=0.12"
      },
      "funding": {
        "url": "https://github.com/fb55/entities?sponsor=1"
      }
    },
    "node_modules/esbuild": {
      "version": "0.25.9",
      "resolved": "https://bsbteamsystem.sarah.br/tfs/DefaultCollection/_packaging/SarahPackages/npm/registry/esbuild/-/esbuild-0.25.9.tgz",
      "integrity": "sha1-FauOOa5s3GTCT/iiwK71s/2fqXY=",
      "dev": true,
      "hasInstallScript": true,
      "license": "MIT",
      "bin": {
        "esbuild": "bin/esbuild"
      },
      "engines": {
        "node": ">=18"
      },
      "optionalDependencies": {
        "@esbuild/aix-ppc64": "0.25.9",
        "@esbuild/android-arm": "0.25.9",
        "@esbuild/android-arm64": "0.25.9",
        "@esbuild/android-x64": "0.25.9",
        "@esbuild/darwin-arm64": "0.25.9",
        "@esbuild/darwin-x64": "0.25.9",
        "@esbuild/freebsd-arm64": "0.25.9",
        "@esbuild/freebsd-x64": "0.25.9",
        "@esbuild/linux-arm": "0.25.9",
        "@esbuild/linux-arm64": "0.25.9",
        "@esbuild/linux-ia32": "0.25.9",
        "@esbuild/linux-loong64": "0.25.9",
        "@esbuild/linux-mips64el": "0.25.9",
        "@esbuild/linux-ppc64": "0.25.9",
        "@esbuild/linux-riscv64": "0.25.9",
        "@esbuild/linux-s390x": "0.25.9",
        "@esbuild/linux-x64": "0.25.9",
        "@esbuild/netbsd-arm64": "0.25.9",
        "@esbuild/netbsd-x64": "0.25.9",
        "@esbuild/openbsd-arm64": "0.25.9",
        "@esbuild/openbsd-x64": "0.25.9",
        "@esbuild/openharmony-arm64": "0.25.9",
        "@esbuild/sunos-x64": "0.25.9",
        "@esbuild/win32-arm64": "0.25.9",
        "@esbuild/win32-ia32": "0.25.9",
        "@esbuild/win32-x64": "0.25.9"
      }
    },
    "node_modules/estree-walker": {
      "version": "2.0.2",
      "resolved": "https://bsbteamsystem.sarah.br/tfs/DefaultCollection/_packaging/SarahPackages/npm/registry/estree-walker/-/estree-walker-2.0.2.tgz",
      "integrity": "sha1-UvAQF4wqTBF6d1fP6UKtt9LaTKw=",
      "license": "MIT"
    },
    "node_modules/fdir": {
      "version": "6.5.0",
      "resolved": "https://bsbteamsystem.sarah.br/tfs/DefaultCollection/_packaging/SarahPackages/npm/registry/fdir/-/fdir-6.5.0.tgz",
      "integrity": "sha1-7Sq5Z6MxreYvGNB32uGSaE1Q01A=",
      "dev": true,
      "license": "MIT",
      "engines": {
        "node": ">=12.0.0"
      },
      "peerDependencies": {
        "picomatch": "^3 || ^4"
      },
      "peerDependenciesMeta": {
        "picomatch": {
          "optional": true
        }
      }
    },
    "node_modules/fsevents": {
      "version": "2.3.3",
      "resolved": "https://bsbteamsystem.sarah.br/tfs/DefaultCollection/_packaging/SarahPackages/npm/registry/fsevents/-/fsevents-2.3.3.tgz",
      "integrity": "sha1-ysZAd4XQNnWipeGlMFxpezR9kNY=",
      "dev": true,
      "license": "MIT",
      "optional": true,
      "os": [
        "darwin"
      ],
      "engines": {
        "node": "^8.16.0 || ^10.6.0 || >=11.0.0"
      }
    },
    "node_modules/magic-string": {
      "version": "0.30.19",
      "resolved": "https://bsbteamsystem.sarah.br/tfs/DefaultCollection/_packaging/SarahPackages/npm/registry/magic-string/-/magic-string-0.30.19.tgz",
      "integrity": "sha1-zr6fEE5WVgLl0gmMXy55p3zIbak=",
      "license": "MIT",
      "dependencies": {
        "@jridgewell/sourcemap-codec": "^1.5.5"
      }
    },
    "node_modules/nanoid": {
      "version": "3.3.11",
      "resolved": "https://bsbteamsystem.sarah.br/tfs/DefaultCollection/_packaging/SarahPackages/npm/registry/nanoid/-/nanoid-3.3.11.tgz",
      "integrity": "sha1-T08RLO++MDIC8hmYOBKJNiZtGFs=",
      "funding": [
        {
          "type": "github",
          "url": "https://github.com/sponsors/ai"
        }
      ],
      "license": "MIT",
      "bin": {
        "nanoid": "bin/nanoid.cjs"
      },
      "engines": {
        "node": "^10 || ^12 || ^13.7 || ^14 || >=15.0.1"
      }
    },
    "node_modules/picocolors": {
      "version": "1.1.1",
      "resolved": "https://bsbteamsystem.sarah.br/tfs/DefaultCollection/_packaging/SarahPackages/npm/registry/picocolors/-/picocolors-1.1.1.tgz",
      "integrity": "sha1-PTIa8+q5ObCDyPkpodEs2oHCa2s=",
      "license": "ISC"
    },
    "node_modules/picomatch": {
      "version": "4.0.3",
      "resolved": "https://bsbteamsystem.sarah.br/tfs/DefaultCollection/_packaging/SarahPackages/npm/registry/picomatch/-/picomatch-4.0.3.tgz",
      "integrity": "sha1-eWx2E20e6tcV2x57rXhd7daVoEI=",
      "dev": true,
      "license": "MIT",
      "engines": {
        "node": ">=12"
      },
      "funding": {
        "url": "https://github.com/sponsors/jonschlinkert"
      }
    },
    "node_modules/postcss": {
      "version": "8.5.6",
      "resolved": "https://bsbteamsystem.sarah.br/tfs/DefaultCollection/_packaging/SarahPackages/npm/registry/postcss/-/postcss-8.5.6.tgz",
      "integrity": "sha1-KCUAZhWmGbT2Kp50JswSCzSajzw=",
      "funding": [
        {
          "type": "opencollective",
          "url": "https://opencollective.com/postcss/"
        },
        {
          "type": "tidelift",
          "url": "https://tidelift.com/funding/github/npm/postcss"
        },
        {
          "type": "github",
          "url": "https://github.com/sponsors/ai"
        }
      ],
      "license": "MIT",
      "dependencies": {
        "nanoid": "^3.3.11",
        "picocolors": "^1.1.1",
        "source-map-js": "^1.2.1"
      },
      "engines": {
        "node": "^10 || ^12 || >=14"
      }
    },
    "node_modules/rollup": {
      "version": "4.52.4",
      "resolved": "https://bsbteamsystem.sarah.br/tfs/DefaultCollection/_packaging/SarahPackages/npm/registry/rollup/-/rollup-4.52.4.tgz",
      "integrity": "sha1-ceZMzpaoZfy6prtixugoB/TjeKE=",
      "dev": true,
      "license": "MIT",
      "dependencies": {
        "@types/estree": "1.0.8"
      },
      "bin": {
        "rollup": "dist/bin/rollup"
      },
      "engines": {
        "node": ">=18.0.0",
        "npm": ">=8.0.0"
      },
      "optionalDependencies": {
        "@rollup/rollup-android-arm-eabi": "4.52.4",
        "@rollup/rollup-android-arm64": "4.52.4",
        "@rollup/rollup-darwin-arm64": "4.52.4",
        "@rollup/rollup-darwin-x64": "4.52.4",
        "@rollup/rollup-freebsd-arm64": "4.52.4",
        "@rollup/rollup-freebsd-x64": "4.52.4",
        "@rollup/rollup-linux-arm-gnueabihf": "4.52.4",
        "@rollup/rollup-linux-arm-musleabihf": "4.52.4",
        "@rollup/rollup-linux-arm64-gnu": "4.52.4",
        "@rollup/rollup-linux-arm64-musl": "4.52.4",
        "@rollup/rollup-linux-loong64-gnu": "4.52.4",
        "@rollup/rollup-linux-ppc64-gnu": "4.52.4",
        "@rollup/rollup-linux-riscv64-gnu": "4.52.4",
        "@rollup/rollup-linux-riscv64-musl": "4.52.4",
        "@rollup/rollup-linux-s390x-gnu": "4.52.4",
        "@rollup/rollup-linux-x64-gnu": "4.52.4",
        "@rollup/rollup-linux-x64-musl": "4.52.4",
        "@rollup/rollup-openharmony-arm64": "4.52.4",
        "@rollup/rollup-win32-arm64-msvc": "4.52.4",
        "@rollup/rollup-win32-ia32-msvc": "4.52.4",
        "@rollup/rollup-win32-x64-gnu": "4.52.4",
        "@rollup/rollup-win32-x64-msvc": "4.52.4",
        "fsevents": "~2.3.2"
      }
    },
    "node_modules/source-map-js": {
      "version": "1.2.1",
      "resolved": "https://bsbteamsystem.sarah.br/tfs/DefaultCollection/_packaging/SarahPackages/npm/registry/source-map-js/-/source-map-js-1.2.1.tgz",
      "integrity": "sha1-HOVlD93YerwJnto33P8CTCZnrkY=",
      "license": "BSD-3-Clause",
      "engines": {
        "node": ">=0.10.0"
      }
    },
    "node_modules/tinyglobby": {
      "version": "0.2.15",
      "resolved": "https://bsbteamsystem.sarah.br/tfs/DefaultCollection/_packaging/SarahPackages/npm/registry/tinyglobby/-/tinyglobby-0.2.15.tgz",
      "integrity": "sha1-4ijdHmOM6pk9L9tPzS1GAqeZUcI=",
      "dev": true,
      "license": "MIT",
      "dependencies": {
        "fdir": "^6.5.0",
        "picomatch": "^4.0.3"
      },
      "engines": {
        "node": ">=12.0.0"
      },
      "funding": {
        "url": "https://github.com/sponsors/SuperchupuDev"
      }
    },
    "node_modules/vite": {
      "version": "7.1.3",
      "resolved": "https://bsbteamsystem.sarah.br/tfs/DefaultCollection/_packaging/SarahPackages/npm/registry/vite/-/vite-7.1.3.tgz",
      "integrity": "sha1-jXDLAv1jRrS/EymmdggAU47w+uo=",
      "dev": true,
      "license": "MIT",
      "dependencies": {
        "esbuild": "^0.25.0",
        "fdir": "^6.5.0",
        "picomatch": "^4.0.3",
        "postcss": "^8.5.6",
        "rollup": "^4.43.0",
        "tinyglobby": "^0.2.14"
      },
      "bin": {
        "vite": "bin/vite.js"
      },
      "engines": {
        "node": "^20.19.0 || >=22.12.0"
      },
      "funding": {
        "url": "https://github.com/vitejs/vite?sponsor=1"
      },
      "optionalDependencies": {
        "fsevents": "~2.3.3"
      },
      "peerDependencies": {
        "@types/node": "^20.19.0 || >=22.12.0",
        "jiti": ">=1.21.0",
        "less": "^4.0.0",
        "lightningcss": "^1.21.0",
        "sass": "^1.70.0",
        "sass-embedded": "^1.70.0",
        "stylus": ">=0.54.8",
        "sugarss": "^5.0.0",
        "terser": "^5.16.0",
        "tsx": "^4.8.1",
        "yaml": "^2.4.2"
      },
      "peerDependenciesMeta": {
        "@types/node": {
          "optional": true
        },
        "jiti": {
          "optional": true
        },
        "less": {
          "optional": true
        },
        "lightningcss": {
          "optional": true
        },
        "sass": {
          "optional": true
        },
        "sass-embedded": {
          "optional": true
        },
        "stylus": {
          "optional": true
        },
        "sugarss": {
          "optional": true
        },
        "terser": {
          "optional": true
        },
        "tsx": {
          "optional": true
        },
        "yaml": {
          "optional": true
        }
      }
    },
    "node_modules/vue": {
      "version": "3.5.22",
      "resolved": "https://bsbteamsystem.sarah.br/tfs/DefaultCollection/_packaging/SarahPackages/npm/registry/vue/-/vue-3.5.22.tgz",
      "integrity": "sha1-K43blO5LZA7xL+f27+HPFvO1guc=",
      "license": "MIT",
      "dependencies": {
        "@vue/compiler-dom": "3.5.22",
        "@vue/compiler-sfc": "3.5.22",
        "@vue/runtime-dom": "3.5.22",
        "@vue/server-renderer": "3.5.22",
        "@vue/shared": "3.5.22"
      },
      "peerDependencies": {
        "typescript": "*"
      },
      "peerDependenciesMeta": {
        "typescript": {
          "optional": true
        }
      }
    }
  }
}
